
Microsoft Visual Studio Solution File, Format Version 12.00
# Visual Studio Version 17
VisualStudioVersion = 17.11.35303.130
MinimumVisualStudioVersion = 10.0.40219.1
Project("{FAE04EC0-301F-11D3-BF4B-00C04F79EFBC}") = "API", "API\API.csproj", "{6AEAFBC2-17C0-4CE2-9648-D23AADB9AA73}"
EndProject
Global
	GlobalSection(SolutionConfigurationPlatforms) = preSolution
		Debug|Any CPU = Debug|Any CPU
		Release|Any CPU = Release|Any CPU
	EndGlobalSection
	GlobalSection(ProjectConfigurationPlatforms) = postSolution
		{6AEAFBC2-17C0-4CE2-9648-D23AADB9AA73}.Debug|Any CPU.ActiveCfg = Debug|Any CPU
		{6AEAFBC2-17C0-4CE2-9648-D23AADB9AA73}.Debug|Any CPU.Build.0 = Debug|Any CPU
		{6AEAFBC2-17C0-4CE2-9648-D23AADB9AA73}.Release|Any CPU.ActiveCfg = Release|Any CPU
		{6AEAFBC2-17C0-4CE2-9648-D23AADB9AA73}.Release|Any CPU.Build.0 = Release|Any CPU
	EndGlobalSection
	GlobalSection(SolutionProperties) = preSolution
		HideSolutionNode = FALSE
	EndGlobalSection
	GlobalSection(ExtensibilityGlobals) = postSolution
		SolutionGuid = {F1E36D83-FA9F-4908-9B4F-2A250495B1AD}
	EndGlobalSection
EndGlobal
